# THIS IS AN AUTOGENERATED FILE. DO NOT EDIT THIS FILE DIRECTLY.
# yarn lockfile v1


"@freon4dsl/core@0.5.0":
  version "0.5.0"
  resolved "https://registry.yarnpkg.com/@freon4dsl/core/-/core-0.5.0.tgz#4539792e4d06dc47e76b4c37975817d2e3b21c55"
  integrity sha512-dflAl32Hmq7c410zdhMIjVOxI1/YiyuzOvobAkIUxUCtYA38cXHFe+TszFgPwLQgLjh52Q57TJhE686sSplhFA==
  dependencies:
    lodash "^4.17.21"
    mobx "6.3.3"
    reflect-metadata "^0.1.13"
    tslib "2.4.0"

"@freon4dsl/meta@0.5.0":
  version "0.5.0"
  resolved "https://registry.yarnpkg.com/@freon4dsl/meta/-/meta-0.5.0.tgz#4f0f489c3cd700c855c61fd4d096e75268a4cb0d"
  integrity sha512-1PmsmecSn9pgA54sZYvfYuMMFCSXbtpnGxNfU9oXdJLqJtMg6OFWRkYE3EJWIT6YwGt463cZ0XlMscUYHDO7pw==
  dependencies:
    "@rushstack/ts-command-line" "4.7.8"
    kotlin "^1.5.21"
    net.akehurst.language-agl-processor "4.0.0-rc.5"
    pegjs "^0.10.0"
    tslib "^2.4.0"

"@rushstack/ts-command-line@4.7.8":
  version "4.7.8"
  resolved "http://localhost:4873/@rushstack%2fts-command-line/-/ts-command-line-4.7.8.tgz#3aa77cf544c571be3206fc2bcba20c7a096ed254"
  integrity sha512-8ghIWhkph7NnLCMDJtthpsb7TMOsVGXVDvmxjE/CeklTqjbbUFBjGXizJfpbEkRQTELuZQ2+vGn7sGwIWKN2uA==
  dependencies:
    "@types/argparse" "1.0.38"
    argparse "~1.0.9"
    colors "~1.2.1"
    string-argv "~0.3.1"

"@types/argparse@1.0.38":
  version "1.0.38"
  resolved "http://localhost:4873/@types%2fargparse/-/argparse-1.0.38.tgz#a81fd8606d481f873a3800c6ebae4f1d768a56a9"
  integrity sha512-ebDJ9b0e702Yr7pWgB0jzm+CX4Srzz8RcXtLJDJB+BSccqMa36uyH/zUsSYao5+BD1ytv3k3rPYCq4mAE1hsXA==

argparse@~1.0.9:
  version "1.0.10"
  resolved "http://localhost:4873/argparse/-/argparse-1.0.10.tgz#bcd6791ea5ae09725e17e5ad988134cd40b3d911"
  integrity sha512-o5Roy6tNG4SL/FOkCAN6RzjiakZS25RLYFrcMttJqbdd8BWrnA+fGz57iN5Pb06pvBGvl5gQ0B48dJlslXvoTg==
  dependencies:
    sprintf-js "~1.0.2"

colors@~1.2.1:
  version "1.2.5"
  resolved "http://localhost:4873/colors/-/colors-1.2.5.tgz#89c7ad9a374bc030df8013241f68136ed8835afc"
  integrity sha512-erNRLao/Y3Fv54qUa0LBB+//Uf3YwMUmdJinN20yMXm9zdKKqH9wt7R9IIVZ+K7ShzfpLV/Zg8+VyrBJYB4lpg==

kotlin@^1.5.21:
  version "1.5.31"
  resolved "http://localhost:4873/kotlin/-/kotlin-1.5.31.tgz#c99ec633e2f5343155a34b4893f48edb262c10ae"
  integrity sha512-xk7yiyTxSj1cedNRutq2zWoc9CYaTWb/kJEVHHDmWxzmQjwFl1uGVo7Jybp6NTELvaSAq0fXRSC/HSbk/059gw==

lodash@^4.17.21:
  version "4.17.21"
  resolved "http://localhost:4873/lodash/-/lodash-4.17.21.tgz#679591c564c3bffaae8454cf0b3df370c3d6911c"
  integrity sha512-v2kDEe57lecTulaDIuNTPy3Ry4gLGJ6Z1O3vE1krgXZNrsQ+LFTGHVxVjcXPs17LhbZVGedAJv8XZ1tvj5FvSg==

mobx@6.3.3:
  version "6.3.3"
  resolved "http://localhost:4873/mobx/-/mobx-6.3.3.tgz#a3006c56243b1c7ea4ee671a66f963b9f43cf1af"
  integrity sha512-JoNU50rO6d1wHwKPJqKq4rmUMbYnI9CsJmBo+Cu4exBYenFvIN77LWrZENpzW6reZPADtXMmB1DicbDSfy8Clw==

net.akehurst.language-agl-processor@4.0.0-rc.5:
  version "4.0.0-rc.5"
  resolved "https://registry.yarnpkg.com/net.akehurst.language-agl-processor/-/net.akehurst.language-agl-processor-4.0.0-rc.5.tgz#e7d34187a06d60dac27b2b895d4d7c1e1157d556"
  integrity sha512-Gmw0G7K1KAxchb7xzpq0WL9drukZexswwTCWb3jyoLcHSMB/b9Lw8x7+ScytSCsqyhQFXJZ/07WiGwF+n/w6gw==

pegjs@^0.10.0:
  version "0.10.0"
  resolved "http://localhost:4873/pegjs/-/pegjs-0.10.0.tgz#cf8bafae6eddff4b5a7efb185269eaaf4610ddbd"
  integrity sha1-z4uvrm7d/0tafvsYUmnqr0YQ3b0=

reflect-metadata@^0.1.13:
  version "0.1.13"
  resolved "http://localhost:4873/reflect-metadata/-/reflect-metadata-0.1.13.tgz#67ae3ca57c972a2aa1642b10fe363fe32d49dc08"
  integrity sha512-Ts1Y/anZELhSsjMcU605fU9RE4Oi3p5ORujwbIKXfWa+0Zxs510Qrmrce5/Jowq3cHSZSJqBjypxmHarc+vEWg==

sprintf-js@~1.0.2:
  version "1.0.3"
  resolved "http://localhost:4873/sprintf-js/-/sprintf-js-1.0.3.tgz#04e6926f662895354f3dd015203633b857297e2c"
  integrity sha1-BOaSb2YolTVPPdAVIDYzuFcpfiw=

string-argv@~0.3.1:
  version "0.3.1"
  resolved "http://localhost:4873/string-argv/-/string-argv-0.3.1.tgz#95e2fbec0427ae19184935f816d74aaa4c5c19da"
  integrity sha512-a1uQGz7IyVy9YwhqjZIZu1c8JO8dNIe20xBmSS6qu9kv++k3JGzCVmprbNN5Kn+BgzD5E7YYwg1CcjuJMRNsvg==

tslib@2.4.0:
  version "2.4.0"
  resolved "https://registry.yarnpkg.com/tslib/-/tslib-2.4.0.tgz#7cecaa7f073ce680a05847aa77be941098f36dc3"
  integrity sha512-d6xOpEDfsi2CZVlPQzGeux8XMwLT9hssAsaPYExaQMuYskwb+x1x7J371tWlbBdWHroy99KnVB6qIkUbs5X3UQ==

tslib@^2.4.0:
  version "2.5.0"
  resolved "https://registry.yarnpkg.com/tslib/-/tslib-2.5.0.tgz#42bfed86f5787aeb41d031866c8f402429e0fddf"
  integrity sha512-336iVw3rtn2BUK7ORdIAHTyxHGRIHVReokCR3XjbckJMK7ms8FysBfhLR8IXnAgy7T0PTPNBWKiH514FOW/WSg==
